
Microsoft Visual Studio Solution File, Format Version 12.00
# Visual Studio Version 16
VisualStudioVersion = 16.0.28803.352
MinimumVisualStudioVersion = 15.0.26124.0
Project("{6EC3EE1D-3C4E-46DD-8F32-0CC8E7565705}") = "RecklessDotNet", "src\RecklessDotNet.fsproj", "{E14E4DC4-700D-4E06-BF0A-685114E3251E}"
EndProject
Project("{2150E333-8FDC-42A3-9474-1A3956D46DE8}") = "docs", "docs", "{5DB0034E-8476-4D68-9A65-D47F64834B59}"
	ProjectSection(SolutionItems) = preProject
		.gitignore = .gitignore
		orders.md = orders.md
		README.md = README.md
		SIL Open Font License.txt = SIL Open Font License.txt
		spritegen.html = spritegen.html
	EndProjectSection
EndProject
Project("{2150E333-8FDC-42A3-9474-1A3956D46DE8}") = "lib", "lib", "{BDFCB821-6A67-4C28-BBC0-0EFAF983459A}"
EndProject
Project("{6EC3EE1D-3C4E-46DD-8F32-0CC8E7565705}") = "Xelmish", "lib\Xelmish\Xelmish.fsproj", "{BC96E5C5-6736-43ED-83C7-1EEC91D406DA}"
EndProject
Global
	GlobalSection(SolutionConfigurationPlatforms) = preSolution
		Debug|Any CPU = Debug|Any CPU
		Debug|x64 = Debug|x64
		Debug|x86 = Debug|x86
		Release|Any CPU = Release|Any CPU
		Release|x64 = Release|x64
		Release|x86 = Release|x86
	EndGlobalSection
	GlobalSection(ProjectConfigurationPlatforms) = postSolution
		{E14E4DC4-700D-4E06-BF0A-685114E3251E}.Debug|Any CPU.ActiveCfg = Debug|Any CPU
		{E14E4DC4-700D-4E06-BF0A-685114E3251E}.Debug|Any CPU.Build.0 = Debug|Any CPU
		{E14E4DC4-700D-4E06-BF0A-685114E3251E}.Debug|x64.ActiveCfg = Debug|Any CPU
		{E14E4DC4-700D-4E06-BF0A-685114E3251E}.Debug|x64.Build.0 = Debug|Any CPU
		{E14E4DC4-700D-4E06-BF0A-685114E3251E}.Debug|x86.ActiveCfg = Debug|Any CPU
		{E14E4DC4-700D-4E06-BF0A-685114E3251E}.Debug|x86.Build.0 = Debug|Any CPU
		{E14E4DC4-700D-4E06-BF0A-685114E3251E}.Release|Any CPU.ActiveCfg = Release|Any CPU
		{E14E4DC4-700D-4E06-BF0A-685114E3251E}.Release|Any CPU.Build.0 = Release|Any CPU
		{E14E4DC4-700D-4E06-BF0A-685114E3251E}.Release|x64.ActiveCfg = Release|Any CPU
		{E14E4DC4-700D-4E06-BF0A-685114E3251E}.Release|x64.Build.0 = Release|Any CPU
		{E14E4DC4-700D-4E06-BF0A-685114E3251E}.Release|x86.ActiveCfg = Release|Any CPU
		{E14E4DC4-700D-4E06-BF0A-685114E3251E}.Release|x86.Build.0 = Release|Any CPU
		{BC96E5C5-6736-43ED-83C7-1EEC91D406DA}.Debug|Any CPU.ActiveCfg = Debug|Any CPU
		{BC96E5C5-6736-43ED-83C7-1EEC91D406DA}.Debug|Any CPU.Build.0 = Debug|Any CPU
		{BC96E5C5-6736-43ED-83C7-1EEC91D406DA}.Debug|x64.ActiveCfg = Debug|Any CPU
		{BC96E5C5-6736-43ED-83C7-1EEC91D406DA}.Debug|x64.Build.0 = Debug|Any CPU
		{BC96E5C5-6736-43ED-83C7-1EEC91D406DA}.Debug|x86.ActiveCfg = Debug|Any CPU
		{BC96E5C5-6736-43ED-83C7-1EEC91D406DA}.Debug|x86.Build.0 = Debug|Any CPU
		{BC96E5C5-6736-43ED-83C7-1EEC91D406DA}.Release|Any CPU.ActiveCfg = Release|Any CPU
		{BC96E5C5-6736-43ED-83C7-1EEC91D406DA}.Release|Any CPU.Build.0 = Release|Any CPU
		{BC96E5C5-6736-43ED-83C7-1EEC91D406DA}.Release|x64.ActiveCfg = Release|Any CPU
		{BC96E5C5-6736-43ED-83C7-1EEC91D406DA}.Release|x64.Build.0 = Release|Any CPU
		{BC96E5C5-6736-43ED-83C7-1EEC91D406DA}.Release|x86.ActiveCfg = Release|Any CPU
		{BC96E5C5-6736-43ED-83C7-1EEC91D406DA}.Release|x86.Build.0 = Release|Any CPU
	EndGlobalSection
	GlobalSection(SolutionProperties) = preSolution
		HideSolutionNode = FALSE
	EndGlobalSection
	GlobalSection(NestedProjects) = preSolution
		{BC96E5C5-6736-43ED-83C7-1EEC91D406DA} = {BDFCB821-6A67-4C28-BBC0-0EFAF983459A}
	EndGlobalSection
	GlobalSection(ExtensibilityGlobals) = postSolution
		SolutionGuid = {3113F5DF-0F30-4A04-A138-FD650EF26DAB}
	EndGlobalSection
EndGlobal
